
Microsoft Visual Studio Solution File, Format Version 12.00
# Visual Studio 15
VisualStudioVersion = 15.0.28016.0
MinimumVisualStudioVersion = 10.0.40219.1
Project("{888888A0-9F3D-457C-B088-3A5042F75D52}") = "Heartstone", "Heartstone\Heartstone.pyproj", "{832365B7-FF8D-4130-9837-4D2B5B0C1333}"
EndProject
Project("{DA7A21FA-8162-4350-AD77-A8D1B671F3ED}") = "basic operations", "basic operations\basic operations.rxproj", "{0F430611-E814-4886-BC80-5CA194FF362F}"
EndProject
Project("{DA7A21FA-8162-4350-AD77-A8D1B671F3ED}") = "MpgData", "MpgData\MpgData.rxproj", "{5B526F8A-5126-47E8-8FAD-B7222C42470A}"
EndProject
Project("{DA7A21FA-8162-4350-AD77-A8D1B671F3ED}") = "Theoph", "Theoph\Theoph.rxproj", "{92C0894C-0D71-4267-8D56-D16BE16FF98B}"
EndProject
Project("{DA7A21FA-8162-4350-AD77-A8D1B671F3ED}") = "Web Scraping", "Web Scraping\Web Scraping.rxproj", "{A0845959-58B9-4F82-9B32-1F829FD1C1EB}"
EndProject
Project("{DA7A21FA-8162-4350-AD77-A8D1B671F3ED}") = "DEDS Bonus Test 1819v1", "DEDS Bonus Test 1819v1\DEDS Bonus Test 1819v1.rxproj", "{21BD50E1-5DF8-4431-B3C2-B04223E0B44E}"
EndProject
Global
	GlobalSection(SolutionConfigurationPlatforms) = preSolution
		Debug|Any CPU = Debug|Any CPU
		Release|Any CPU = Release|Any CPU
	EndGlobalSection
	GlobalSection(ProjectConfigurationPlatforms) = postSolution
		{832365B7-FF8D-4130-9837-4D2B5B0C1333}.Debug|Any CPU.ActiveCfg = Debug|Any CPU
		{832365B7-FF8D-4130-9837-4D2B5B0C1333}.Release|Any CPU.ActiveCfg = Release|Any CPU
		{0F430611-E814-4886-BC80-5CA194FF362F}.Debug|Any CPU.ActiveCfg = Debug|Any CPU
		{0F430611-E814-4886-BC80-5CA194FF362F}.Debug|Any CPU.Build.0 = Debug|Any CPU
		{0F430611-E814-4886-BC80-5CA194FF362F}.Release|Any CPU.ActiveCfg = Release|Any CPU
		{0F430611-E814-4886-BC80-5CA194FF362F}.Release|Any CPU.Build.0 = Release|Any CPU
		{5B526F8A-5126-47E8-8FAD-B7222C42470A}.Debug|Any CPU.ActiveCfg = Debug|Any CPU
		{5B526F8A-5126-47E8-8FAD-B7222C42470A}.Debug|Any CPU.Build.0 = Debug|Any CPU
		{5B526F8A-5126-47E8-8FAD-B7222C42470A}.Release|Any CPU.ActiveCfg = Release|Any CPU
		{5B526F8A-5126-47E8-8FAD-B7222C42470A}.Release|Any CPU.Build.0 = Release|Any CPU
		{92C0894C-0D71-4267-8D56-D16BE16FF98B}.Debug|Any CPU.ActiveCfg = Debug|Any CPU
		{92C0894C-0D71-4267-8D56-D16BE16FF98B}.Debug|Any CPU.Build.0 = Debug|Any CPU
		{92C0894C-0D71-4267-8D56-D16BE16FF98B}.Release|Any CPU.ActiveCfg = Release|Any CPU
		{92C0894C-0D71-4267-8D56-D16BE16FF98B}.Release|Any CPU.Build.0 = Release|Any CPU
		{A0845959-58B9-4F82-9B32-1F829FD1C1EB}.Debug|Any CPU.ActiveCfg = Debug|Any CPU
		{A0845959-58B9-4F82-9B32-1F829FD1C1EB}.Debug|Any CPU.Build.0 = Debug|Any CPU
		{A0845959-58B9-4F82-9B32-1F829FD1C1EB}.Release|Any CPU.ActiveCfg = Release|Any CPU
		{A0845959-58B9-4F82-9B32-1F829FD1C1EB}.Release|Any CPU.Build.0 = Release|Any CPU
		{21BD50E1-5DF8-4431-B3C2-B04223E0B44E}.Debug|Any CPU.ActiveCfg = Debug|Any CPU
		{21BD50E1-5DF8-4431-B3C2-B04223E0B44E}.Debug|Any CPU.Build.0 = Debug|Any CPU
		{21BD50E1-5DF8-4431-B3C2-B04223E0B44E}.Release|Any CPU.ActiveCfg = Release|Any CPU
		{21BD50E1-5DF8-4431-B3C2-B04223E0B44E}.Release|Any CPU.Build.0 = Release|Any CPU
	EndGlobalSection
	GlobalSection(SolutionProperties) = preSolution
		HideSolutionNode = FALSE
	EndGlobalSection
	GlobalSection(ExtensibilityGlobals) = postSolution
		SolutionGuid = {F6F1A9C3-99A2-402A-AA14-50684C402F36}
	EndGlobalSection
EndGlobal
