
Microsoft Visual Studio Solution File, Format Version 12.00
# Visual Studio 15
VisualStudioVersion = 15.0.28016.0
MinimumVisualStudioVersion = 10.0.40219.1
Project("{888888A0-9F3D-457C-B088-3A5042F75D52}") = "Heartstone", "PythonApplication1\Heartstone.pyproj", "{832365B7-FF8D-4130-9837-4D2B5B0C1333}"
EndProject
Global
	GlobalSection(SolutionConfigurationPlatforms) = preSolution
		Debug|Any CPU = Debug|Any CPU
		Release|Any CPU = Release|Any CPU
	EndGlobalSection
	GlobalSection(ProjectConfigurationPlatforms) = postSolution
		{832365B7-FF8D-4130-9837-4D2B5B0C1333}.Debug|Any CPU.ActiveCfg = Debug|Any CPU
		{832365B7-FF8D-4130-9837-4D2B5B0C1333}.Release|Any CPU.ActiveCfg = Release|Any CPU
	EndGlobalSection
	GlobalSection(SolutionProperties) = preSolution
		HideSolutionNode = FALSE
	EndGlobalSection
	GlobalSection(ExtensibilityGlobals) = postSolution
		SolutionGuid = {F6F1A9C3-99A2-402A-AA14-50684C402F36}
	EndGlobalSection
EndGlobal
